
Microsoft Visual Studio Solution File, Format Version 12.00
# Visual Studio Version 17
VisualStudioVersion = 17.10.35013.160
MinimumVisualStudioVersion = 10.0.40219.1
Project("{FAE04EC0-301F-11D3-BF4B-00C04F79EFBC}") = "Managment", "Managment\Managment.csproj", "{2BB70150-49A3-4EDF-BB42-8012FD1D5E60}"
EndProject
Global
	GlobalSection(SolutionConfigurationPlatforms) = preSolution
		Debug|Any CPU = Debug|Any CPU
		Release|Any CPU = Release|Any CPU
	EndGlobalSection
	GlobalSection(ProjectConfigurationPlatforms) = postSolution
		{2BB70150-49A3-4EDF-BB42-8012FD1D5E60}.Debug|Any CPU.ActiveCfg = Debug|Any CPU
		{2BB70150-49A3-4EDF-BB42-8012FD1D5E60}.Debug|Any CPU.Build.0 = Debug|Any CPU
		{2BB70150-49A3-4EDF-BB42-8012FD1D5E60}.Release|Any CPU.ActiveCfg = Release|Any CPU
		{2BB70150-49A3-4EDF-BB42-8012FD1D5E60}.Release|Any CPU.Build.0 = Release|Any CPU
	EndGlobalSection
	GlobalSection(SolutionProperties) = preSolution
		HideSolutionNode = FALSE
	EndGlobalSection
	GlobalSection(ExtensibilityGlobals) = postSolution
		SolutionGuid = {3A732B47-BFDB-4A32-BF3E-525B6517E7D7}
	EndGlobalSection
EndGlobal
